
Microsoft Visual Studio Solution File, Format Version 12.00
# Visual Studio Version 17
VisualStudioVersion = 17.14.36603.0
MinimumVisualStudioVersion = 10.0.40219.1

Project("{FAE04EC0-301F-11D3-BF4B-00C04F79EFBC}") = "Backend", "Backend\Backend.csproj", "{AF6288D0-B192-491B-B07D-57CAEAEBBD2A}"
EndProject
Project("{FAE04EC0-301F-11D3-BF4B-00C04F79EFBC}") = "Backend.UnitTests", "Backend.UnitTests\Backend.UnitTests.csproj", "{5E8E297D-5074-40DD-BE33-58952B12E05C}"
EndProject
Project("{FAE04EC0-301F-11D3-BF4B-00C04F79EFBC}") = "Backend.IntegrationTests", "Backend.IntegrationTests\Backend.IntegrationTests.csproj", "{C5471515-5119-421E-A102-EF09A3094DCB}"
EndProject

Global
    GlobalSection(SolutionConfigurationPlatforms) = preSolution
        Debug|Any CPU = Debug|Any CPU
        Release|Any CPU = Release|Any CPU
    EndGlobalSection

    GlobalSection(ProjectConfigurationPlatforms) = postSolution
        {AF6288D0-B192-491B-B07D-57CAEAEBBD2A}.Debug|Any CPU.ActiveCfg = Debug|Any CPU
        {AF6288D0-B192-491B-B07D-57CAEAEBBD2A}.Debug|Any CPU.Build.0 = Debug|Any CPU
        {AF6288D0-B192-491B-B07D-57CAEAEBBD2A}.Release|Any CPU.ActiveCfg = Release|Any CPU
        {AF6288D0-B192-491B-B07D-57CAEAEBBD2A}.Release|Any CPU.Build.0 = Release|Any CPU

        {5E8E297D-5074-40DD-BE33-58952B12E05C}.Debug|Any CPU.ActiveCfg = Debug|Any CPU
        {5E8E297D-5074-40DD-BE33-58952B12E05C}.Debug|Any CPU.Build.0 = Debug|Any CPU
        {5E8E297D-5074-40DD-BE33-58952B12E05C}.Release|Any CPU.ActiveCfg = Release|Any CPU
        {5E8E297D-5074-40DD-BE33-58952B12E05C}.Release|Any CPU.Build.0 = Release|Any CPU

        {C5471515-5119-421E-A102-EF09A3094DCB}.Debug|Any CPU.ActiveCfg = Debug|Any CPU
        {C5471515-5119-421E-A102-EF09A3094DCB}.Debug|Any CPU.Build.0 = Debug|Any CPU
        {C5471515-5119-421E-A102-EF09A3094DCB}.Release|Any CPU.ActiveCfg = Release|Any CPU
        {C5471515-5119-421E-A102-EF09A3094DCB}.Release|Any CPU.Build.0 = Release|Any CPU
    EndGlobalSection

    GlobalSection(SolutionProperties) = preSolution
        HideSolutionNode = FALSE
    EndGlobalSection

    GlobalSection(ExtensibilityGlobals) = postSolution
        SolutionGuid = {BC46C569-15F7-478B-9107-DAAFCED2BD1C}
EndGlobal
	EndGlobalSection
EndGlobal
